
Microsoft Visual Studio Solution File, Format Version 12.00
# Visual Studio 14
VisualStudioVersion = 14.0.25420.1
MinimumVisualStudioVersion = 10.0.40219.1
Project("{2150E333-8FDC-42A3-9474-1A3956D46DE8}") = "src", "src", "{5E80A2F1-BE95-4A7A-BEDE-D9CFE78FC8C2}"
EndProject
Project("{2150E333-8FDC-42A3-9474-1A3956D46DE8}") = "Solution Items", "Solution Items", "{A7331E17-B0C1-481C-B710-BAA4D59462CD}"
	ProjectSection(SolutionItems) = preProject
		global.json = global.json
	EndProjectSection
EndProject
Project("{8BB2217D-0F2D-49D1-97BC-3654ED321F3B}") = "RESTful_server", "src\RESTful_server\RESTful_server.xproj", "{AF8ABFFE-06FC-4D2B-82AA-49B8A5F9E53D}"
EndProject
Global
	GlobalSection(SolutionConfigurationPlatforms) = preSolution
		Debug|Any CPU = Debug|Any CPU
		Release|Any CPU = Release|Any CPU
	EndGlobalSection
	GlobalSection(ProjectConfigurationPlatforms) = postSolution
		{AF8ABFFE-06FC-4D2B-82AA-49B8A5F9E53D}.Debug|Any CPU.ActiveCfg = Debug|Any CPU
		{AF8ABFFE-06FC-4D2B-82AA-49B8A5F9E53D}.Debug|Any CPU.Build.0 = Debug|Any CPU
		{AF8ABFFE-06FC-4D2B-82AA-49B8A5F9E53D}.Release|Any CPU.ActiveCfg = Release|Any CPU
		{AF8ABFFE-06FC-4D2B-82AA-49B8A5F9E53D}.Release|Any CPU.Build.0 = Release|Any CPU
	EndGlobalSection
	GlobalSection(SolutionProperties) = preSolution
		HideSolutionNode = FALSE
	EndGlobalSection
	GlobalSection(NestedProjects) = preSolution
		{AF8ABFFE-06FC-4D2B-82AA-49B8A5F9E53D} = {5E80A2F1-BE95-4A7A-BEDE-D9CFE78FC8C2}
	EndGlobalSection
EndGlobal
